
Microsoft Visual Studio Solution File, Format Version 12.00
# Visual Studio Version 16
VisualStudioVersion = 16.0.30611.23
MinimumVisualStudioVersion = 10.0.40219.1
Project("{FAE04EC0-301F-11D3-BF4B-00C04F79EFBC}") = "WinAppSchool", "WinAppSchool.csproj", "{27E0521B-C7D2-44BD-9E3F-0800C758283E}"
EndProject
Project("{FAE04EC0-301F-11D3-BF4B-00C04F79EFBC}") = "Domain", "..\Domain\Domain.csproj", "{99342A3D-64EE-4CE5-A003-57CCDD56E069}"
EndProject
Global
	GlobalSection(SolutionConfigurationPlatforms) = preSolution
		Debug|Any CPU = Debug|Any CPU
		Release|Any CPU = Release|Any CPU
	EndGlobalSection
	GlobalSection(ProjectConfigurationPlatforms) = postSolution
		{27E0521B-C7D2-44BD-9E3F-0800C758283E}.Debug|Any CPU.ActiveCfg = Debug|Any CPU
		{27E0521B-C7D2-44BD-9E3F-0800C758283E}.Debug|Any CPU.Build.0 = Debug|Any CPU
		{27E0521B-C7D2-44BD-9E3F-0800C758283E}.Release|Any CPU.ActiveCfg = Release|Any CPU
		{27E0521B-C7D2-44BD-9E3F-0800C758283E}.Release|Any CPU.Build.0 = Release|Any CPU
		{99342A3D-64EE-4CE5-A003-57CCDD56E069}.Debug|Any CPU.ActiveCfg = Debug|Any CPU
		{99342A3D-64EE-4CE5-A003-57CCDD56E069}.Debug|Any CPU.Build.0 = Debug|Any CPU
		{99342A3D-64EE-4CE5-A003-57CCDD56E069}.Release|Any CPU.ActiveCfg = Release|Any CPU
		{99342A3D-64EE-4CE5-A003-57CCDD56E069}.Release|Any CPU.Build.0 = Release|Any CPU
	EndGlobalSection
	GlobalSection(SolutionProperties) = preSolution
		HideSolutionNode = FALSE
	EndGlobalSection
	GlobalSection(ExtensibilityGlobals) = postSolution
		SolutionGuid = {7554BCDA-CCBB-4002-BCA2-19EDB537CDF1}
	EndGlobalSection
EndGlobal
